{
  "name": "cozy-condo",
  "version": "0.1.0",
  "lockfileVersion": 3,
  "requires": true,
  "packages": {
    "": {
      "name": "cozy-condo",
      "version": "0.1.0",
      "dependencies": {
        "@supabase/supabase-js": "^2.87.1",
        "date-fns": "^4.1.0",
        "ical-generator": "^10.0.0",
        "lucide-react": "^0.559.0",
        "next": "16.0.8",
        "node-ical": "^0.22.1",
        "react": "19.2.1",
        "react-dom": "19.2.1"
      },
      "devDependencies": {
        "@tailwindcss/postcss": "^4",
        "@types/node": "^20",
        "@types/react": "^19",
        "@types/react-dom": "^19",
        "eslint": "^9",
        "eslint-config-next": "16.0.8",
        "tailwindcss": "^4",
        "typescript": "^5"
      }
    },
    "node_modules/@supabase/supabase-js": {
      "version": "2.87.1",
      "resolved": "https://registry.npmjs.org/@supabase/supabase-js/-/supabase-js-2.87.1.tgz",
      "integrity": "sha512-UBhaNe0Q32LCDEfmjBb4sZnW3BhgXaBJPGRTx7XfUQQP+Y0Lah4Cc5q1j1I/lWu8y9vZqRAM7QyQe6nVK1+5xA==",
      "dependencies": {
        "@supabase/functions-js": "^2.4.1",
        "@supabase/postgrest-js": "^1.17.0",
        "@supabase/realtime-js": "^2.10.8",
        "@supabase/storage-js": "^2.7.1"
      }
    },
    "node_modules/date-fns": {
      "version": "4.1.0",
      "resolved": "https://registry.npmjs.org/date-fns/-/date-fns-4.1.0.tgz",
      "integrity": "sha512-Ukq0owbQXxa/U3ku4Lhg1SHDvOmMzTZZFOaZNx2x2BPNMdIDNTcfNKiWWg4KVJMqfh+2CyIhIWRIe3SXuJhMnA==",
      "funding": {
        "type": "github",
        "url": "https://github.com/sponsors/kossnocorp"
      }
    },
    "node_modules/ical-generator": {
      "version": "10.0.0",
      "resolved": "https://registry.npmjs.org/ical-generator/-/ical-generator-10.0.0.tgz",
      "integrity": "sha512-h8klOjm5nDg6UEcGq1Dp7z1UQ4MFQeJSLMLrA3/r6M5owXSNcfpGCpLmZJb9gT26T7c5U4qJhOXPOYUbL8VVhQ==",
      "dependencies": {
        "uuid": "^9.0.0"
      },
      "engines": {
        "node": ">=18.0.0"
      },
      "funding": {
        "type": "github",
        "url": "https://github.com/sponsors/sebbo2002"
      }
    },
    "node_modules/lucide-react": {
      "version": "0.559.0",
      "resolved": "https://registry.npmjs.org/lucide-react/-/lucide-react-0.559.0.tgz",
      "integrity": "sha512-dUVRCiRH34nN5OQC7lB8JWDl4RGFNGVWDLSwD5bsaGlIZkzRNYdw9ZiD0U3P2lKzXmqXMZNaGSR0Y1dD1L5Hvw==",
      "peerDependencies": {
        "react": "^16.5.1 || ^17.0.0 || ^18.0.0 || ^19.0.0"
      }
    },
    "node_modules/next": {
      "version": "16.0.8",
      "resolved": "https://registry.npmjs.org/next/-/next-16.0.8.tgz",
      "integrity": "sha512-bUpnPJU2d8CHhHIWXl9q6nqVmnqzDnwRf0OQWjF+IQRthJqL3P4zL/d0lEOCsUw9Q8QAv7p0u0kgvn1QBnBVIA==",
      "dependencies": {
        "@next/env": "16.0.8",
        "@swc/counter": "0.1.3",
        "@swc/helpers": "0.5.15"
      },
      "bin": {
        "next": "dist/bin/next"
      },
      "engines": {
        "node": "^18.18.0 || ^19.8.0 || >= 20.0.0"
      },
      "optionalDependencies": {
        "@next/swc-darwin-arm64": "16.0.8",
        "@next/swc-darwin-x64": "16.0.8",
        "@next/swc-linux-arm64-gnu": "16.0.8",
        "@next/swc-linux-arm64-musl": "16.0.8",
        "@next/swc-linux-x64-gnu": "16.0.8",
        "@next/swc-linux-x64-musl": "16.0.8",
        "@next/swc-win32-arm64-msvc": "16.0.8",
        "@next/swc-win32-ia32-msvc": "16.0.8",
        "@next/swc-win32-x64-msvc": "16.0.8"
      }
    },
    "node_modules/node-ical": {
      "version": "0.22.1",
      "resolved": "https://registry.npmjs.org/node-ical/-/node-ical-0.22.1.tgz",
      "integrity": "sha512-xAWZOQ1uKR8IrEn8fePmJOVe3eumgDLTSEJiP6PuL6QbJDLz4QlGZc1+0RxoHQ5PU7OIYYrSNPJ3F3CfvIDLhQ==",
      "dependencies": {
        "date-fns": "^2.29.3",
        "ical": "^0.8.0",
        "uuid": "^9.0.0"
      }
    },
    "node_modules/react": {
      "version": "19.2.1",
      "resolved": "https://registry.npmjs.org/react/-/react-19.2.1.tgz",
      "integrity": "sha512-Cd7wPMvMaKX8O5DaKKT7vFdFaM71lQ7sSUkr+N9kO9VKlMZ8whkv1/WG9YSLCn8RA3wTiJR3rJB0z9kOv9SLpQ==",
      "engines": {
        "node": ">=0.10.0"
      }
    },
    "node_modules/react-dom": {
      "version": "19.2.1",
      "resolved": "https://registry.npmjs.org/react-dom/-/react-dom-19.2.1.tgz",
      "integrity": "sha512-DLXwKoQ7DvD2vL8N7K6mB3E9aTOsN21MiKu1dVcz+QpVi8bVNI+YvVTGa1aVnXvRKTPdz6+4O48NjRDBrJI3fA==",
      "dependencies": {
        "scheduler": "^0.25.1"
      },
      "peerDependencies": {
        "react": "^19.2.1"
      }
    },
    "node_modules/@tailwindcss/postcss": {
      "version": "4.0.1",
      "resolved": "https://registry.npmjs.org/@tailwindcss/postcss/-/postcss-4.0.1.tgz",
      "integrity": "sha512-93fWoNB3qFWfkWqb7S7aJ5KqGRUfTdq0cLSQ/dkKrK+bgFzCj7JhXj6DJQxzxGvbAL0YkDBF1cJJOGjkYNQlDg==",
      "dev": true,
      "dependencies": {
        "tailwindcss": "^4.0.1"
      },
      "engines": {
        "node": ">=14.0.0"
      }
    },
    "node_modules/@types/node": {
      "version": "20.17.13",
      "resolved": "https://registry.npmjs.org/@types/node/-/node-20.17.13.tgz",
      "integrity": "sha512-8q2cTe6hqiU4+3GhfgL1sLjgcKZp6YAAaOYFOHYfzB7PsDGbGzRnFVQbO9h6E9Z1h0YKrWr6ooD9iKO0RLPgLg==",
      "dev": true,
      "dependencies": {
        "undici-types": "~6.20.0"
      }
    },
    "node_modules/@types/react": {
      "version": "19.0.7",
      "resolved": "https://registry.npmjs.org/@types/react/-/react-19.0.7.tgz",
      "integrity": "sha512-xyj3+PbmkJ6OZ5VhSCNHiKaT4HUoebEGtC1nnGPrwxfIBg+4vNB+2EWHJ44mP7F2+S0VpFMz7sISXEWYwXNBHQ==",
      "dev": true,
      "dependencies": {
        "@types/prop-types": "*",
        "csstype": "^3.0.2"
      }
    },
    "node_modules/@types/react-dom": {
      "version": "19.0.2",
      "resolved": "https://registry.npmjs.org/@types/react-dom/-/react-dom-19.0.2.tgz",
      "integrity": "sha512-PlexjSGxtOgPSVRfgwqVGWcGZDJFGCZhwkUbMFONHWA23FuqAXnMK8GGDDbEDV2YBCUJBajPcBOfqnQhKGscdg==",
      "dev": true,
      "dependencies": {
        "@types/react": "*"
      }
    },
    "node_modules/eslint": {
      "version": "9.39.2",
      "resolved": "https://registry.npmjs.org/eslint/-/eslint-9.39.2.tgz",
      "integrity": "sha512-9N1jHpLEgH8FOzqZDTJSCWuHE6Cps3kw1o9VrILVHUuCd1B1dI7GgJHlpqGNP1jHTJ4cPUW4m7N2tFNE8OP9Uw==",
      "dev": true,
      "dependencies": {
        "@eslint-community/eslint-utils": "^4.2.0",
        "@eslint-community/regexpp": "^4.11.0",
        "@eslint/config-array": "^0.19.0",
        "@eslint/core": "^0.9.0",
        "@eslint/eslintrc": "^3.2.0",
        "@eslint/js": "9.39.2",
        "@eslint/plugin-kit": "^0.2.3"
      },
      "bin": {
        "eslint": "bin/eslint.js"
      },
      "engines": {
        "node": "^18.18.0 || ^20.9.0 || >=21.1.0"
      }
    },
    "node_modules/eslint-config-next": {
      "version": "16.0.8",
      "resolved": "https://registry.npmjs.org/eslint-config-next/-/eslint-config-next-16.0.8.tgz",
      "integrity": "sha512-1gy4Z2N/pY4Lhz9w2X/F9VaEuP0bQPgv0x5E1bNR9OcD6AklcqHYqE0sxO8DbJJZPx+wZI7ycMQA5eUZOIi5sQ==",
      "dev": true,
      "dependencies": {
        "@next/eslint-plugin-next": "16.0.8",
        "@rushstack/eslint-patch": "^1.10.3",
        "@typescript-eslint/eslint-plugin": "^8.0.0",
        "@typescript-eslint/parser": "^8.0.0",
        "eslint-import-resolver-node": "^0.3.9",
        "eslint-import-resolver-typescript": "^3.5.2",
        "eslint-plugin-import": "^2.28.1",
        "eslint-plugin-jsx-a11y": "^6.7.1",
        "eslint-plugin-react": "^7.33.2",
        "eslint-plugin-react-hooks": "^5.0.0"
      }
    },
    "node_modules/tailwindcss": {
      "version": "4.0.1",
      "resolved": "https://registry.npmjs.org/tailwindcss/-/tailwindcss-4.0.1.tgz",
      "integrity": "sha512-+fv8Yeg2wN6ZunoVV+Lhz0qEuNZtNnqzOdqtOB9vdvdBvJwSz7o9zVQoI31AyI2zWN/k0oKNKhOV2EfC8qmVQQ==",
      "dev": true,
      "dependencies": {
        "@tailwindcss/oxide": "4.0.1"
      },
      "bin": {
        "tailwindcss": "bin/tailwindcss"
      },
      "engines": {
        "node": ">=16.0.0"
      }
    },
    "node_modules/typescript": {
      "version": "5.9.3",
      "resolved": "https://registry.npmjs.org/typescript/-/typescript-5.9.3.tgz",
      "integrity": "sha512-ey4Hs6ovkeFa9AEuolp+8cSm3hNnoVqRT6wHKo6z3W7UVNOx1Nz8K0CNuKNzBPRtKkxiQ27GVqPqQ7CUjyWF8g==",
      "dev": true,
      "bin": {
        "tsc": "bin/tsc",
        "tsserver": "bin/tsserver"
      },
      "engines": {
        "node": ">=14.17"
      }
    }
  }
}